
Microsoft Visual Studio Solution File, Format Version 12.00
# Visual Studio Version 17
VisualStudioVersion = 17.6.33829.357
MinimumVisualStudioVersion = 10.0.40219.1
Project("{FAE04EC0-301F-11D3-BF4B-00C04F79EFBC}") = "WarehouseManagement.Context.Contracts", "WarehouseManagement.Context.Contracts\WarehouseManagement.Context.Contracts.csproj", "{E96C4B2A-1691-412E-AE9F-5C1E739BE5A0}"
EndProject
Project("{FAE04EC0-301F-11D3-BF4B-00C04F79EFBC}") = "WarehouseManagement.Context", "WarehouseManagement.Context\WarehouseManagement.Context.csproj", "{E36FA792-F6E0-4FB6-BBAF-56D9A47AFDEE}"
EndProject
Project("{FAE04EC0-301F-11D3-BF4B-00C04F79EFBC}") = "WarehouseManagement.Context.Configuration", "WarehouseManagement.Context.Configuration\WarehouseManagement.Context.Configuration.csproj", "{2C45C473-656A-412E-9810-7DC829C3B452}"
EndProject
Project("{FAE04EC0-301F-11D3-BF4B-00C04F79EFBC}") = "WarehouseManagement.Common.Entity", "WarehouseManagement.Common.Entity\WarehouseManagement.Common.Entity.csproj", "{B96D7E56-FEB2-4C8A-AF60-5F11B77ECBB7}"
EndProject
Project("{FAE04EC0-301F-11D3-BF4B-00C04F79EFBC}") = "WarehouseManagement.General", "WarehouseManagement.General\WarehouseManagement.General.csproj", "{AA577CB4-DD5E-4B02-A64F-EBCC47BF35A8}"
EndProject
Project("{FAE04EC0-301F-11D3-BF4B-00C04F79EFBC}") = "WarehouseManagement.Repositories.Contracts", "WarehouseManagement.Repositories.Contracts\WarehouseManagement.Repositories.Contracts.csproj", "{C030F58D-1135-4627-927A-2038A17EBF1A}"
EndProject
Project("{FAE04EC0-301F-11D3-BF4B-00C04F79EFBC}") = "WarehouseManagement.Repositories", "WarehouseManagement.Repositories\WarehouseManagement.Repositories.csproj", "{AAB3A72E-53E9-4829-BDF4-890EB8B90974}"
EndProject
Global
	GlobalSection(SolutionConfigurationPlatforms) = preSolution
		Debug|Any CPU = Debug|Any CPU
		Release|Any CPU = Release|Any CPU
	EndGlobalSection
	GlobalSection(ProjectConfigurationPlatforms) = postSolution
		{E96C4B2A-1691-412E-AE9F-5C1E739BE5A0}.Debug|Any CPU.ActiveCfg = Debug|Any CPU
		{E96C4B2A-1691-412E-AE9F-5C1E739BE5A0}.Debug|Any CPU.Build.0 = Debug|Any CPU
		{E96C4B2A-1691-412E-AE9F-5C1E739BE5A0}.Release|Any CPU.ActiveCfg = Release|Any CPU
		{E96C4B2A-1691-412E-AE9F-5C1E739BE5A0}.Release|Any CPU.Build.0 = Release|Any CPU
		{E36FA792-F6E0-4FB6-BBAF-56D9A47AFDEE}.Debug|Any CPU.ActiveCfg = Debug|Any CPU
		{E36FA792-F6E0-4FB6-BBAF-56D9A47AFDEE}.Debug|Any CPU.Build.0 = Debug|Any CPU
		{E36FA792-F6E0-4FB6-BBAF-56D9A47AFDEE}.Release|Any CPU.ActiveCfg = Release|Any CPU
		{E36FA792-F6E0-4FB6-BBAF-56D9A47AFDEE}.Release|Any CPU.Build.0 = Release|Any CPU
		{2C45C473-656A-412E-9810-7DC829C3B452}.Debug|Any CPU.ActiveCfg = Debug|Any CPU
		{2C45C473-656A-412E-9810-7DC829C3B452}.Debug|Any CPU.Build.0 = Debug|Any CPU
		{2C45C473-656A-412E-9810-7DC829C3B452}.Release|Any CPU.ActiveCfg = Release|Any CPU
		{2C45C473-656A-412E-9810-7DC829C3B452}.Release|Any CPU.Build.0 = Release|Any CPU
		{B96D7E56-FEB2-4C8A-AF60-5F11B77ECBB7}.Debug|Any CPU.ActiveCfg = Debug|Any CPU
		{B96D7E56-FEB2-4C8A-AF60-5F11B77ECBB7}.Debug|Any CPU.Build.0 = Debug|Any CPU
		{B96D7E56-FEB2-4C8A-AF60-5F11B77ECBB7}.Release|Any CPU.ActiveCfg = Release|Any CPU
		{B96D7E56-FEB2-4C8A-AF60-5F11B77ECBB7}.Release|Any CPU.Build.0 = Release|Any CPU
		{AA577CB4-DD5E-4B02-A64F-EBCC47BF35A8}.Debug|Any CPU.ActiveCfg = Debug|Any CPU
		{AA577CB4-DD5E-4B02-A64F-EBCC47BF35A8}.Debug|Any CPU.Build.0 = Debug|Any CPU
		{AA577CB4-DD5E-4B02-A64F-EBCC47BF35A8}.Release|Any CPU.ActiveCfg = Release|Any CPU
		{AA577CB4-DD5E-4B02-A64F-EBCC47BF35A8}.Release|Any CPU.Build.0 = Release|Any CPU
		{C030F58D-1135-4627-927A-2038A17EBF1A}.Debug|Any CPU.ActiveCfg = Debug|Any CPU
		{C030F58D-1135-4627-927A-2038A17EBF1A}.Debug|Any CPU.Build.0 = Debug|Any CPU
		{C030F58D-1135-4627-927A-2038A17EBF1A}.Release|Any CPU.ActiveCfg = Release|Any CPU
		{C030F58D-1135-4627-927A-2038A17EBF1A}.Release|Any CPU.Build.0 = Release|Any CPU
		{AAB3A72E-53E9-4829-BDF4-890EB8B90974}.Debug|Any CPU.ActiveCfg = Debug|Any CPU
		{AAB3A72E-53E9-4829-BDF4-890EB8B90974}.Debug|Any CPU.Build.0 = Debug|Any CPU
		{AAB3A72E-53E9-4829-BDF4-890EB8B90974}.Release|Any CPU.ActiveCfg = Release|Any CPU
		{AAB3A72E-53E9-4829-BDF4-890EB8B90974}.Release|Any CPU.Build.0 = Release|Any CPU
	EndGlobalSection
	GlobalSection(SolutionProperties) = preSolution
		HideSolutionNode = FALSE
	EndGlobalSection
	GlobalSection(ExtensibilityGlobals) = postSolution
		SolutionGuid = {45AD08B5-A228-49E0-ABAA-1B4AD38CF767}
	EndGlobalSection
EndGlobal
